// !$*UTF8*$!
{
	archiveVersion = 1;
	classes = {
	};
	objectVersion = 51;
	objects = {

/* Begin PBXBuildFile section */
		B8A549D57D4D8508562A3B6D /* Pods_NCMBMemo.framework in Frameworks */ = {isa = PBXBuildFile; fileRef = 8F9463535E45E834725F4A61 /* Pods_NCMBMemo.framework */; };
		D805C0F323CC6FD10079E5FD /* SignUpViewController.swift in Sources */ = {isa = PBXBuildFile; fileRef = D805C0F223CC6FD10079E5FD /* SignUpViewController.swift */; };
		D807E973237DB796004198D7 /* AppDelegate.swift in Sources */ = {isa = PBXBuildFile; fileRef = D807E972237DB796004198D7 /* AppDelegate.swift */; };
		D807E975237DB796004198D7 /* SceneDelegate.swift in Sources */ = {isa = PBXBuildFile; fileRef = D807E974237DB796004198D7 /* SceneDelegate.swift */; };
		D807E97A237DB796004198D7 /* Main.storyboard in Resources */ = {isa = PBXBuildFile; fileRef = D807E978237DB796004198D7 /* Main.storyboard */; };
		D807E97C237DB799004198D7 /* Assets.xcassets in Resources */ = {isa = PBXBuildFile; fileRef = D807E97B237DB799004198D7 /* Assets.xcassets */; };
		D807E97F237DB799004198D7 /* LaunchScreen.storyboard in Resources */ = {isa = PBXBuildFile; fileRef = D807E97D237DB799004198D7 /* LaunchScreen.storyboard */; };
		D807E98923811B4E004198D7 /* ListViewController.swift in Sources */ = {isa = PBXBuildFile; fileRef = D807E98823811B4E004198D7 /* ListViewController.swift */; };
		D807E98B23811B60004198D7 /* AddMemoViewController.swift in Sources */ = {isa = PBXBuildFile; fileRef = D807E98A23811B60004198D7 /* AddMemoViewController.swift */; };
		D807E98D23811B7C004198D7 /* DetailViewController.swift in Sources */ = {isa = PBXBuildFile; fileRef = D807E98C23811B7C004198D7 /* DetailViewController.swift */; };
		D8518A8023C07B5E0023F58A /* button.png in Resources */ = {isa = PBXBuildFile; fileRef = D8518A7F23C07B5E0023F58A /* button.png */; };
		D8518A8223C07BE20023F58A /* submit.png in Resources */ = {isa = PBXBuildFile; fileRef = D8518A8123C07BE20023F58A /* submit.png */; };
		D8518A8423C2C80A0023F58A /* tag.png in Resources */ = {isa = PBXBuildFile; fileRef = D8518A8323C2C80A0023F58A /* tag.png */; };
		D8518A8923C5B6DB0023F58A /* MemoTableViewCell.swift in Sources */ = {isa = PBXBuildFile; fileRef = D8518A8723C5B6DB0023F58A /* MemoTableViewCell.swift */; };
		D8518A8A23C5B6DB0023F58A /* MemoTableViewCell.xib in Resources */ = {isa = PBXBuildFile; fileRef = D8518A8823C5B6DB0023F58A /* MemoTableViewCell.xib */; };
		D8518A8C23C5C9B70023F58A /* button2.png in Resources */ = {isa = PBXBuildFile; fileRef = D8518A8B23C5C9B60023F58A /* button2.png */; };
		D88A0D6E23CC739800BA0304 /* SignInViewController.swift in Sources */ = {isa = PBXBuildFile; fileRef = D88A0D6D23CC739800BA0304 /* SignInViewController.swift */; };
		D89E859823CC7EAE000B5DAA /* plus.png in Resources */ = {isa = PBXBuildFile; fileRef = D89E859723CC7EAE000B5DAA /* plus.png */; };
		D89E859A23D86A6C000B5DAA /* logo.png in Resources */ = {isa = PBXBuildFile; fileRef = D89E859923D86A6C000B5DAA /* logo.png */; };
		D89E863123D8778C000B5DAA /* iTunesArtwork@1x.png in Resources */ = {isa = PBXBuildFile; fileRef = D89E85F623D8778C000B5DAA /* iTunesArtwork@1x.png */; };
		D89E863223D8778C000B5DAA /* Icon-App-76x76@2x.png in Resources */ = {isa = PBXBuildFile; fileRef = D89E85F823D8778C000B5DAA /* Icon-App-76x76@2x.png */; };
		D89E863323D8778C000B5DAA /* Icon-App-29x29@1x.png in Resources */ = {isa = PBXBuildFile; fileRef = D89E85F923D8778C000B5DAA /* Icon-App-29x29@1x.png */; };
		D89E863423D8778C000B5DAA /* Icon-App-40x40@1x.png in Resources */ = {isa = PBXBuildFile; fileRef = D89E85FA23D8778C000B5DAA /* Icon-App-40x40@1x.png */; };
		D89E863523D8778C000B5DAA /* Icon-App-20x20@1x.png in Resources */ = {isa = PBXBuildFile; fileRef = D89E85FB23D8778C000B5DAA /* Icon-App-20x20@1x.png */; };
		D89E863623D8778C000B5DAA /* Icon-App-83.5x83.5@2x.png in Resources */ = {isa = PBXBuildFile; fileRef = D89E85FC23D8778C000B5DAA /* Icon-App-83.5x83.5@2x.png */; };
		D89E863723D8778C000B5DAA /* Icon-App-20x20@3x.png in Resources */ = {isa = PBXBuildFile; fileRef = D89E85FD23D8778C000B5DAA /* Icon-App-20x20@3x.png */; };
		D89E863923D8778C000B5DAA /* Contents.json in Resources */ = {isa = PBXBuildFile; fileRef = D89E85FF23D8778C000B5DAA /* Contents.json */; };
		D89E863A23D8778C000B5DAA /* Icon-App-20x20@2x.png in Resources */ = {isa = PBXBuildFile; fileRef = D89E860023D8778C000B5DAA /* Icon-App-20x20@2x.png */; };
		D89E863B23D8778C000B5DAA /* Icon-App-29x29@3x.png in Resources */ = {isa = PBXBuildFile; fileRef = D89E860123D8778C000B5DAA /* Icon-App-29x29@3x.png */; };
		D89E863D23D8778C000B5DAA /* Icon-App-60x60@3x.png in Resources */ = {isa = PBXBuildFile; fileRef = D89E860323D8778C000B5DAA /* Icon-App-60x60@3x.png */; };
		D89E863E23D8778C000B5DAA /* Icon-App-60x60@2x.png in Resources */ = {isa = PBXBuildFile; fileRef = D89E860423D8778C000B5DAA /* Icon-App-60x60@2x.png */; };
		D89E863F23D8778C000B5DAA /* Icon-App-76x76@1x.png in Resources */ = {isa = PBXBuildFile; fileRef = D89E860523D8778C000B5DAA /* Icon-App-76x76@1x.png */; };
		D89E864023D8778C000B5DAA /* Icon-App-40x40@3x.png in Resources */ = {isa = PBXBuildFile; fileRef = D89E860623D8778C000B5DAA /* Icon-App-40x40@3x.png */; };
		D89E864123D8778C000B5DAA /* Icon-App-29x29@2x.png in Resources */ = {isa = PBXBuildFile; fileRef = D89E860723D8778C000B5DAA /* Icon-App-29x29@2x.png */; };
		D89E864323D8778C000B5DAA /* iTunesArtwork@2x.png in Resources */ = {isa = PBXBuildFile; fileRef = D89E860923D8778C000B5DAA /* iTunesArtwork@2x.png */; };
		D89E864423D8778C000B5DAA /* iTunesArtwork@3x.png in Resources */ = {isa = PBXBuildFile; fileRef = D89E860A23D8778C000B5DAA /* iTunesArtwork@3x.png */; };
		D89E866223D9078D000B5DAA /* Icon-App-40x40@2x.png in Resources */ = {isa = PBXBuildFile; fileRef = D89E866123D9078D000B5DAA /* Icon-App-40x40@2x.png */; };
		D8E7E52823CC6803000236FB /* SignIn.storyboard in Resources */ = {isa = PBXBuildFile; fileRef = D8E7E52723CC6803000236FB /* SignIn.storyboard */; };
/* End PBXBuildFile section */

/* Begin PBXFileReference section */
		8F9463535E45E834725F4A61 /* Pods_NCMBMemo.framework */ = {isa = PBXFileReference; explicitFileType = wrapper.framework; includeInIndex = 0; path = Pods_NCMBMemo.framework; sourceTree = BUILT_PRODUCTS_DIR; };
		9B1C88E882EEF2B2C76F1238 /* Pods-NCMBMemo.release.xcconfig */ = {isa = PBXFileReference; includeInIndex = 1; lastKnownFileType = text.xcconfig; name = "Pods-NCMBMemo.release.xcconfig"; path = "Target Support Files/Pods-NCMBMemo/Pods-NCMBMemo.release.xcconfig"; sourceTree = "<group>"; };
		AD119EF69B28CDA991C5DCB7 /* Pods-NCMBMemo.debug.xcconfig */ = {isa = PBXFileReference; includeInIndex = 1; lastKnownFileType = text.xcconfig; name = "Pods-NCMBMemo.debug.xcconfig"; path = "Target Support Files/Pods-NCMBMemo/Pods-NCMBMemo.debug.xcconfig"; sourceTree = "<group>"; };
		D805C0F223CC6FD10079E5FD /* SignUpViewController.swift */ = {isa = PBXFileReference; lastKnownFileType = sourcecode.swift; path = SignUpViewController.swift; sourceTree = "<group>"; };
		D807E96F237DB795004198D7 /* Taglog.app */ = {isa = PBXFileReference; explicitFileType = wrapper.application; includeInIndex = 0; path = Taglog.app; sourceTree = BUILT_PRODUCTS_DIR; };
		D807E972237DB796004198D7 /* AppDelegate.swift */ = {isa = PBXFileReference; lastKnownFileType = sourcecode.swift; path = AppDelegate.swift; sourceTree = "<group>"; };
		D807E974237DB796004198D7 /* SceneDelegate.swift */ = {isa = PBXFileReference; lastKnownFileType = sourcecode.swift; path = SceneDelegate.swift; sourceTree = "<group>"; };
		D807E979237DB796004198D7 /* Base */ = {isa = PBXFileReference; lastKnownFileType = file.storyboard; name = Base; path = Base.lproj/Main.storyboard; sourceTree = "<group>"; };
		D807E97B237DB799004198D7 /* Assets.xcassets */ = {isa = PBXFileReference; lastKnownFileType = folder.assetcatalog; path = Assets.xcassets; sourceTree = "<group>"; };
		D807E97E237DB799004198D7 /* Base */ = {isa = PBXFileReference; lastKnownFileType = file.storyboard; name = Base; path = Base.lproj/LaunchScreen.storyboard; sourceTree = "<group>"; };
		D807E980237DB799004198D7 /* Info.plist */ = {isa = PBXFileReference; lastKnownFileType = text.plist.xml; path = Info.plist; sourceTree = "<group>"; };
		D807E98823811B4E004198D7 /* ListViewController.swift */ = {isa = PBXFileReference; lastKnownFileType = sourcecode.swift; path = ListViewController.swift; sourceTree = "<group>"; };
		D807E98A23811B60004198D7 /* AddMemoViewController.swift */ = {isa = PBXFileReference; lastKnownFileType = sourcecode.swift; path = AddMemoViewController.swift; sourceTree = "<group>"; };
		D807E98C23811B7C004198D7 /* DetailViewController.swift */ = {isa = PBXFileReference; lastKnownFileType = sourcecode.swift; path = DetailViewController.swift; sourceTree = "<group>"; };
		D8518A7F23C07B5E0023F58A /* button.png */ = {isa = PBXFileReference; lastKnownFileType = image.png; path = button.png; sourceTree = "<group>"; };
		D8518A8123C07BE20023F58A /* submit.png */ = {isa = PBXFileReference; lastKnownFileType = image.png; path = submit.png; sourceTree = "<group>"; };
		D8518A8323C2C80A0023F58A /* tag.png */ = {isa = PBXFileReference; lastKnownFileType = image.png; path = tag.png; sourceTree = "<group>"; };
		D8518A8723C5B6DB0023F58A /* MemoTableViewCell.swift */ = {isa = PBXFileReference; lastKnownFileType = sourcecode.swift; path = MemoTableViewCell.swift; sourceTree = "<group>"; };
		D8518A8823C5B6DB0023F58A /* MemoTableViewCell.xib */ = {isa = PBXFileReference; lastKnownFileType = file.xib; path = MemoTableViewCell.xib; sourceTree = "<group>"; };
		D8518A8B23C5C9B60023F58A /* button2.png */ = {isa = PBXFileReference; lastKnownFileType = image.png; path = button2.png; sourceTree = "<group>"; };
		D88A0D6D23CC739800BA0304 /* SignInViewController.swift */ = {isa = PBXFileReference; lastKnownFileType = sourcecode.swift; path = SignInViewController.swift; sourceTree = "<group>"; };
		D89E859723CC7EAE000B5DAA /* plus.png */ = {isa = PBXFileReference; lastKnownFileType = image.png; path = plus.png; sourceTree = "<group>"; };
		D89E859923D86A6C000B5DAA /* logo.png */ = {isa = PBXFileReference; lastKnownFileType = image.png; path = logo.png; sourceTree = "<group>"; };
		D89E85F623D8778C000B5DAA /* iTunesArtwork@1x.png */ = {isa = PBXFileReference; lastKnownFileType = image.png; path = "iTunesArtwork@1x.png"; sourceTree = "<group>"; };
		D89E85F823D8778C000B5DAA /* Icon-App-76x76@2x.png */ = {isa = PBXFileReference; lastKnownFileType = image.png; path = "Icon-App-76x76@2x.png"; sourceTree = "<group>"; };
		D89E85F923D8778C000B5DAA /* Icon-App-29x29@1x.png */ = {isa = PBXFileReference; lastKnownFileType = image.png; path = "Icon-App-29x29@1x.png"; sourceTree = "<group>"; };
		D89E85FA23D8778C000B5DAA /* Icon-App-40x40@1x.png */ = {isa = PBXFileReference; lastKnownFileType = image.png; path = "Icon-App-40x40@1x.png"; sourceTree = "<group>"; };
		D89E85FB23D8778C000B5DAA /* Icon-App-20x20@1x.png */ = {isa = PBXFileReference; lastKnownFileType = image.png; path = "Icon-App-20x20@1x.png"; sourceTree = "<group>"; };
		D89E85FC23D8778C000B5DAA /* Icon-App-83.5x83.5@2x.png */ = {isa = PBXFileReference; lastKnownFileType = image.png; path = "Icon-App-83.5x83.5@2x.png"; sourceTree = "<group>"; };
		D89E85FD23D8778C000B5DAA /* Icon-App-20x20@3x.png */ = {isa = PBXFileReference; lastKnownFileType = image.png; path = "Icon-App-20x20@3x.png"; sourceTree = "<group>"; };
		D89E85FF23D8778C000B5DAA /* Contents.json */ = {isa = PBXFileReference; fileEncoding = 4; lastKnownFileType = text.json; path = Contents.json; sourceTree = "<group>"; };
		D89E860023D8778C000B5DAA /* Icon-App-20x20@2x.png */ = {isa = PBXFileReference; lastKnownFileType = image.png; path = "Icon-App-20x20@2x.png"; sourceTree = "<group>"; };
		D89E860123D8778C000B5DAA /* Icon-App-29x29@3x.png */ = {isa = PBXFileReference; lastKnownFileType = image.png; path = "Icon-App-29x29@3x.png"; sourceTree = "<group>"; };
		D89E860323D8778C000B5DAA /* Icon-App-60x60@3x.png */ = {isa = PBXFileReference; lastKnownFileType = image.png; path = "Icon-App-60x60@3x.png"; sourceTree = "<group>"; };
		D89E860423D8778C000B5DAA /* Icon-App-60x60@2x.png */ = {isa = PBXFileReference; lastKnownFileType = image.png; path = "Icon-App-60x60@2x.png"; sourceTree = "<group>"; };
		D89E860523D8778C000B5DAA /* Icon-App-76x76@1x.png */ = {isa = PBXFileReference; lastKnownFileType = image.png; path = "Icon-App-76x76@1x.png"; sourceTree = "<group>"; };
		D89E860623D8778C000B5DAA /* Icon-App-40x40@3x.png */ = {isa = PBXFileReference; lastKnownFileType = image.png; path = "Icon-App-40x40@3x.png"; sourceTree = "<group>"; };
		D89E860723D8778C000B5DAA /* Icon-App-29x29@2x.png */ = {isa = PBXFileReference; lastKnownFileType = image.png; path = "Icon-App-29x29@2x.png"; sourceTree = "<group>"; };
		D89E860923D8778C000B5DAA /* iTunesArtwork@2x.png */ = {isa = PBXFileReference; lastKnownFileType = image.png; path = "iTunesArtwork@2x.png"; sourceTree = "<group>"; };
		D89E860A23D8778C000B5DAA /* iTunesArtwork@3x.png */ = {isa = PBXFileReference; lastKnownFileType = image.png; path = "iTunesArtwork@3x.png"; sourceTree = "<group>"; };
		D89E866123D9078D000B5DAA /* Icon-App-40x40@2x.png */ = {isa = PBXFileReference; lastKnownFileType = image.png; path = "Icon-App-40x40@2x.png"; sourceTree = "<group>"; };
		D8E7E52723CC6803000236FB /* SignIn.storyboard */ = {isa = PBXFileReference; lastKnownFileType = file.storyboard; path = SignIn.storyboard; sourceTree = "<group>"; };
/* End PBXFileReference section */

/* Begin PBXFrameworksBuildPhase section */
		D807E96C237DB795004198D7 /* Frameworks */ = {
			isa = PBXFrameworksBuildPhase;
			buildActionMask = 2147483647;
			files = (
				B8A549D57D4D8508562A3B6D /* Pods_NCMBMemo.framework in Frameworks */,
			);
			runOnlyForDeploymentPostprocessing = 0;
		};
/* End PBXFrameworksBuildPhase section */

/* Begin PBXGroup section */
		3D14848B423EB98028D5BB47 /* Pods */ = {
			isa = PBXGroup;
			children = (
				AD119EF69B28CDA991C5DCB7 /* Pods-NCMBMemo.debug.xcconfig */,
				9B1C88E882EEF2B2C76F1238 /* Pods-NCMBMemo.release.xcconfig */,
			);
			path = Pods;
			sourceTree = "<group>";
		};
		98342F74DB2350E2657CBE8E /* Frameworks */ = {
			isa = PBXGroup;
			children = (
				8F9463535E45E834725F4A61 /* Pods_NCMBMemo.framework */,
			);
			name = Frameworks;
			sourceTree = "<group>";
		};
		D807E966237DB795004198D7 = {
			isa = PBXGroup;
			children = (
				D807E971237DB796004198D7 /* NCMBMemo */,
				D807E970237DB795004198D7 /* Products */,
				3D14848B423EB98028D5BB47 /* Pods */,
				98342F74DB2350E2657CBE8E /* Frameworks */,
			);
			sourceTree = "<group>";
		};
		D807E970237DB795004198D7 /* Products */ = {
			isa = PBXGroup;
			children = (
				D807E96F237DB795004198D7 /* Taglog.app */,
			);
			name = Products;
			sourceTree = "<group>";
		};
		D807E971237DB796004198D7 /* NCMBMemo */ = {
			isa = PBXGroup;
			children = (
				D807E980237DB799004198D7 /* Info.plist */,
				D89E866323D908E9000B5DAA /* Resources */,
				D89E866423D90978000B5DAA /* Views */,
				D89E866523D90A0D000B5DAA /* Controller */,
			);
			path = NCMBMemo;
			sourceTree = "<group>";
		};
		D89E85F523D8778C000B5DAA /* ios */ = {
			isa = PBXGroup;
			children = (
				D89E859723CC7EAE000B5DAA /* plus.png */,
				D8518A7F23C07B5E0023F58A /* button.png */,
				D8518A8B23C5C9B60023F58A /* button2.png */,
				D8518A8123C07BE20023F58A /* submit.png */,
				D89E859923D86A6C000B5DAA /* logo.png */,
				D8518A8323C2C80A0023F58A /* tag.png */,
				D89E85F723D8778C000B5DAA /* AppIcon.appiconset */,
				D89E85F623D8778C000B5DAA /* iTunesArtwork@1x.png */,
				D89E860923D8778C000B5DAA /* iTunesArtwork@2x.png */,
				D89E860A23D8778C000B5DAA /* iTunesArtwork@3x.png */,
			);
			path = ios;
			sourceTree = "<group>";
		};
		D89E85F723D8778C000B5DAA /* AppIcon.appiconset */ = {
			isa = PBXGroup;
			children = (
				D89E85FB23D8778C000B5DAA /* Icon-App-20x20@1x.png */,
				D89E860023D8778C000B5DAA /* Icon-App-20x20@2x.png */,
				D89E85FD23D8778C000B5DAA /* Icon-App-20x20@3x.png */,
				D89E85F923D8778C000B5DAA /* Icon-App-29x29@1x.png */,
				D89E860723D8778C000B5DAA /* Icon-App-29x29@2x.png */,
				D89E860123D8778C000B5DAA /* Icon-App-29x29@3x.png */,
				D89E85FA23D8778C000B5DAA /* Icon-App-40x40@1x.png */,
				D89E866123D9078D000B5DAA /* Icon-App-40x40@2x.png */,
				D89E860623D8778C000B5DAA /* Icon-App-40x40@3x.png */,
				D89E860423D8778C000B5DAA /* Icon-App-60x60@2x.png */,
				D89E860323D8778C000B5DAA /* Icon-App-60x60@3x.png */,
				D89E860523D8778C000B5DAA /* Icon-App-76x76@1x.png */,
				D89E85F823D8778C000B5DAA /* Icon-App-76x76@2x.png */,
				D89E85FC23D8778C000B5DAA /* Icon-App-83.5x83.5@2x.png */,
				D89E85FF23D8778C000B5DAA /* Contents.json */,
			);
			path = AppIcon.appiconset;
			sourceTree = "<group>";
		};
		D89E866323D908E9000B5DAA /* Resources */ = {
			isa = PBXGroup;
			children = (
				D807E97B237DB799004198D7 /* Assets.xcassets */,
				D89E85F523D8778C000B5DAA /* ios */,
			);
			path = Resources;
			sourceTree = "<group>";
		};
		D89E866423D90978000B5DAA /* Views */ = {
			isa = PBXGroup;
			children = (
				D807E978237DB796004198D7 /* Main.storyboard */,
				D807E97D237DB799004198D7 /* LaunchScreen.storyboard */,
				D8E7E52723CC6803000236FB /* SignIn.storyboard */,
				D8518A8723C5B6DB0023F58A /* MemoTableViewCell.swift */,
				D8518A8823C5B6DB0023F58A /* MemoTableViewCell.xib */,
			);
			path = Views;
			sourceTree = "<group>";
		};
		D89E866523D90A0D000B5DAA /* Controller */ = {
			isa = PBXGroup;
			children = (
				D807E972237DB796004198D7 /* AppDelegate.swift */,
				D807E974237DB796004198D7 /* SceneDelegate.swift */,
				D88A0D6D23CC739800BA0304 /* SignInViewController.swift */,
				D805C0F223CC6FD10079E5FD /* SignUpViewController.swift */,
				D807E98A23811B60004198D7 /* AddMemoViewController.swift */,
				D807E98823811B4E004198D7 /* ListViewController.swift */,
				D807E98C23811B7C004198D7 /* DetailViewController.swift */,
			);
			path = Controller;
			sourceTree = "<group>";
		};
/* End PBXGroup section */

/* Begin PBXNativeTarget section */
		D807E96E237DB795004198D7 /* NCMBMemo */ = {
			isa = PBXNativeTarget;
			buildConfigurationList = D807E983237DB799004198D7 /* Build configuration list for PBXNativeTarget "NCMBMemo" */;
			buildPhases = (
				B1B7267FE48A15549CB750C7 /* [CP] Check Pods Manifest.lock */,
				D807E96B237DB795004198D7 /* Sources */,
				D807E96C237DB795004198D7 /* Frameworks */,
				D807E96D237DB795004198D7 /* Resources */,
				3F9A95EE0F1D643407909992 /* [CP] Embed Pods Frameworks */,
			);
			buildRules = (
			);
			dependencies = (
			);
			name = NCMBMemo;
			productName = NCMBMemo;
			productReference = D807E96F237DB795004198D7 /* Taglog.app */;
			productType = "com.apple.product-type.application";
		};
/* End PBXNativeTarget section */

/* Begin PBXProject section */
		D807E967237DB795004198D7 /* Project object */ = {
			isa = PBXProject;
			attributes = {
				LastSwiftUpdateCheck = 1100;
				LastUpgradeCheck = 1100;
				ORGANIZATIONNAME = "Yukiko Gamo";
				TargetAttributes = {
					D807E96E237DB795004198D7 = {
						CreatedOnToolsVersion = 11.0;
					};
				};
			};
			buildConfigurationList = D807E96A237DB795004198D7 /* Build configuration list for PBXProject "NCMBMemo" */;
			compatibilityVersion = "Xcode 9.3";
			developmentRegion = en;
			hasScannedForEncodings = 0;
			knownRegions = (
				en,
				Base,
			);
			mainGroup = D807E966237DB795004198D7;
			productRefGroup = D807E970237DB795004198D7 /* Products */;
			projectDirPath = "";
			projectRoot = "";
			targets = (
				D807E96E237DB795004198D7 /* NCMBMemo */,
			);
		};
/* End PBXProject section */

/* Begin PBXResourcesBuildPhase section */
		D807E96D237DB795004198D7 /* Resources */ = {
			isa = PBXResourcesBuildPhase;
			buildActionMask = 2147483647;
			files = (
				D8518A8423C2C80A0023F58A /* tag.png in Resources */,
				D89E863223D8778C000B5DAA /* Icon-App-76x76@2x.png in Resources */,
				D89E863723D8778C000B5DAA /* Icon-App-20x20@3x.png in Resources */,
				D89E863323D8778C000B5DAA /* Icon-App-29x29@1x.png in Resources */,
				D89E864023D8778C000B5DAA /* Icon-App-40x40@3x.png in Resources */,
				D89E863B23D8778C000B5DAA /* Icon-App-29x29@3x.png in Resources */,
				D807E97F237DB799004198D7 /* LaunchScreen.storyboard in Resources */,
				D89E863623D8778C000B5DAA /* Icon-App-83.5x83.5@2x.png in Resources */,
				D89E863523D8778C000B5DAA /* Icon-App-20x20@1x.png in Resources */,
				D89E863923D8778C000B5DAA /* Contents.json in Resources */,
				D89E863423D8778C000B5DAA /* Icon-App-40x40@1x.png in Resources */,
				D89E859A23D86A6C000B5DAA /* logo.png in Resources */,
				D89E864423D8778C000B5DAA /* iTunesArtwork@3x.png in Resources */,
				D8518A8C23C5C9B70023F58A /* button2.png in Resources */,
				D8518A8023C07B5E0023F58A /* button.png in Resources */,
				D807E97C237DB799004198D7 /* Assets.xcassets in Resources */,
				D89E864323D8778C000B5DAA /* iTunesArtwork@2x.png in Resources */,
				D8E7E52823CC6803000236FB /* SignIn.storyboard in Resources */,
				D89E863E23D8778C000B5DAA /* Icon-App-60x60@2x.png in Resources */,
				D89E864123D8778C000B5DAA /* Icon-App-29x29@2x.png in Resources */,
				D8518A8223C07BE20023F58A /* submit.png in Resources */,
				D89E863D23D8778C000B5DAA /* Icon-App-60x60@3x.png in Resources */,
				D89E863A23D8778C000B5DAA /* Icon-App-20x20@2x.png in Resources */,
				D89E863F23D8778C000B5DAA /* Icon-App-76x76@1x.png in Resources */,
				D89E863123D8778C000B5DAA /* iTunesArtwork@1x.png in Resources */,
				D89E859823CC7EAE000B5DAA /* plus.png in Resources */,
				D89E866223D9078D000B5DAA /* Icon-App-40x40@2x.png in Resources */,
				D807E97A237DB796004198D7 /* Main.storyboard in Resources */,
				D8518A8A23C5B6DB0023F58A /* MemoTableViewCell.xib in Resources */,
			);
			runOnlyForDeploymentPostprocessing = 0;
		};
/* End PBXResourcesBuildPhase section */

/* Begin PBXShellScriptBuildPhase section */
		3F9A95EE0F1D643407909992 /* [CP] Embed Pods Frameworks */ = {
			isa = PBXShellScriptBuildPhase;
			buildActionMask = 2147483647;
			files = (
			);
			inputFileListPaths = (
				"${PODS_ROOT}/Target Support Files/Pods-NCMBMemo/Pods-NCMBMemo-frameworks-${CONFIGURATION}-input-files.xcfilelist",
			);
			name = "[CP] Embed Pods Frameworks";
			outputFileListPaths = (
				"${PODS_ROOT}/Target Support Files/Pods-NCMBMemo/Pods-NCMBMemo-frameworks-${CONFIGURATION}-output-files.xcfilelist",
			);
			runOnlyForDeploymentPostprocessing = 0;
			shellPath = /bin/sh;
			shellScript = "\"${PODS_ROOT}/Target Support Files/Pods-NCMBMemo/Pods-NCMBMemo-frameworks.sh\"\n";
			showEnvVarsInLog = 0;
		};
		B1B7267FE48A15549CB750C7 /* [CP] Check Pods Manifest.lock */ = {
			isa = PBXShellScriptBuildPhase;
			buildActionMask = 2147483647;
			files = (
			);
			inputFileListPaths = (
			);
			inputPaths = (
				"${PODS_PODFILE_DIR_PATH}/Podfile.lock",
				"${PODS_ROOT}/Manifest.lock",
			);
			name = "[CP] Check Pods Manifest.lock";
			outputFileListPaths = (
			);
			outputPaths = (
				"$(DERIVED_FILE_DIR)/Pods-NCMBMemo-checkManifestLockResult.txt",
			);
			runOnlyForDeploymentPostprocessing = 0;
			shellPath = /bin/sh;
			shellScript = "diff \"${PODS_PODFILE_DIR_PATH}/Podfile.lock\" \"${PODS_ROOT}/Manifest.lock\" > /dev/null\nif [ $? != 0 ] ; then\n    # print error to STDERR\n    echo \"error: The sandbox is not in sync with the Podfile.lock. Run 'pod install' or update your CocoaPods installation.\" >&2\n    exit 1\nfi\n# This output is used by Xcode 'outputs' to avoid re-running this script phase.\necho \"SUCCESS\" > \"${SCRIPT_OUTPUT_FILE_0}\"\n";
			showEnvVarsInLog = 0;
		};
/* End PBXShellScriptBuildPhase section */

/* Begin PBXSourcesBuildPhase section */
		D807E96B237DB795004198D7 /* Sources */ = {
			isa = PBXSourcesBuildPhase;
			buildActionMask = 2147483647;
			files = (
				D807E98B23811B60004198D7 /* AddMemoViewController.swift in Sources */,
				D805C0F323CC6FD10079E5FD /* SignUpViewController.swift in Sources */,
				D8518A8923C5B6DB0023F58A /* MemoTableViewCell.swift in Sources */,
				D807E973237DB796004198D7 /* AppDelegate.swift in Sources */,
				D88A0D6E23CC739800BA0304 /* SignInViewController.swift in Sources */,
				D807E98D23811B7C004198D7 /* DetailViewController.swift in Sources */,
				D807E975237DB796004198D7 /* SceneDelegate.swift in Sources */,
				D807E98923811B4E004198D7 /* ListViewController.swift in Sources */,
			);
			runOnlyForDeploymentPostprocessing = 0;
		};
/* End PBXSourcesBuildPhase section */

/* Begin PBXVariantGroup section */
		D807E978237DB796004198D7 /* Main.storyboard */ = {
			isa = PBXVariantGroup;
			children = (
				D807E979237DB796004198D7 /* Base */,
			);
			name = Main.storyboard;
			sourceTree = "<group>";
		};
		D807E97D237DB799004198D7 /* LaunchScreen.storyboard */ = {
			isa = PBXVariantGroup;
			children = (
				D807E97E237DB799004198D7 /* Base */,
			);
			name = LaunchScreen.storyboard;
			sourceTree = "<group>";
		};
/* End PBXVariantGroup section */

/* Begin XCBuildConfiguration section */
		D807E981237DB799004198D7 /* Debug */ = {
			isa = XCBuildConfiguration;
			buildSettings = {
				ALWAYS_SEARCH_USER_PATHS = NO;
				CLANG_ANALYZER_NONNULL = YES;
				CLANG_ANALYZER_NUMBER_OBJECT_CONVERSION = YES_AGGRESSIVE;
				CLANG_CXX_LANGUAGE_STANDARD = "gnu++14";
				CLANG_CXX_LIBRARY = "libc++";
				CLANG_ENABLE_MODULES = YES;
				CLANG_ENABLE_OBJC_ARC = YES;
				CLANG_ENABLE_OBJC_WEAK = YES;
				CLANG_WARN_BLOCK_CAPTURE_AUTORELEASING = YES;
				CLANG_WARN_BOOL_CONVERSION = YES;
				CLANG_WARN_COMMA = YES;
				CLANG_WARN_CONSTANT_CONVERSION = YES;
				CLANG_WARN_DEPRECATED_OBJC_IMPLEMENTATIONS = YES;
				CLANG_WARN_DIRECT_OBJC_ISA_USAGE = YES_ERROR;
				CLANG_WARN_DOCUMENTATION_COMMENTS = YES;
				CLANG_WARN_EMPTY_BODY = YES;
				CLANG_WARN_ENUM_CONVERSION = YES;
				CLANG_WARN_INFINITE_RECURSION = YES;
				CLANG_WARN_INT_CONVERSION = YES;
				CLANG_WARN_NON_LITERAL_NULL_CONVERSION = YES;
				CLANG_WARN_OBJC_IMPLICIT_RETAIN_SELF = YES;
				CLANG_WARN_OBJC_LITERAL_CONVERSION = YES;
				CLANG_WARN_OBJC_ROOT_CLASS = YES_ERROR;
				CLANG_WARN_RANGE_LOOP_ANALYSIS = YES;
				CLANG_WARN_STRICT_PROTOTYPES = YES;
				CLANG_WARN_SUSPICIOUS_MOVE = YES;
				CLANG_WARN_UNGUARDED_AVAILABILITY = YES_AGGRESSIVE;
				CLANG_WARN_UNREACHABLE_CODE = YES;
				CLANG_WARN__DUPLICATE_METHOD_MATCH = YES;
				COPY_PHASE_STRIP = NO;
				DEBUG_INFORMATION_FORMAT = dwarf;
				ENABLE_STRICT_OBJC_MSGSEND = YES;
				ENABLE_TESTABILITY = YES;
				GCC_C_LANGUAGE_STANDARD = gnu11;
				GCC_DYNAMIC_NO_PIC = NO;
				GCC_NO_COMMON_BLOCKS = YES;
				GCC_OPTIMIZATION_LEVEL = 0;
				GCC_PREPROCESSOR_DEFINITIONS = (
					"DEBUG=1",
					"$(inherited)",
				);
				GCC_WARN_64_TO_32_BIT_CONVERSION = YES;
				GCC_WARN_ABOUT_RETURN_TYPE = YES_ERROR;
				GCC_WARN_UNDECLARED_SELECTOR = YES;
				GCC_WARN_UNINITIALIZED_AUTOS = YES_AGGRESSIVE;
				GCC_WARN_UNUSED_FUNCTION = YES;
				GCC_WARN_UNUSED_VARIABLE = YES;
				IPHONEOS_DEPLOYMENT_TARGET = 13.0;
				MTL_ENABLE_DEBUG_INFO = INCLUDE_SOURCE;
				MTL_FAST_MATH = YES;
				ONLY_ACTIVE_ARCH = YES;
				SDKROOT = iphoneos;
				SWIFT_ACTIVE_COMPILATION_CONDITIONS = DEBUG;
				SWIFT_OPTIMIZATION_LEVEL = "-Onone";
			};
			name = Debug;
		};
		D807E982237DB799004198D7 /* Release */ = {
			isa = XCBuildConfiguration;
			buildSettings = {
				ALWAYS_SEARCH_USER_PATHS = NO;
				CLANG_ANALYZER_NONNULL = YES;
				CLANG_ANALYZER_NUMBER_OBJECT_CONVERSION = YES_AGGRESSIVE;
				CLANG_CXX_LANGUAGE_STANDARD = "gnu++14";
				CLANG_CXX_LIBRARY = "libc++";
				CLANG_ENABLE_MODULES = YES;
				CLANG_ENABLE_OBJC_ARC = YES;
				CLANG_ENABLE_OBJC_WEAK = YES;
				CLANG_WARN_BLOCK_CAPTURE_AUTORELEASING = YES;
				CLANG_WARN_BOOL_CONVERSION = YES;
				CLANG_WARN_COMMA = YES;
				CLANG_WARN_CONSTANT_CONVERSION = YES;
				CLANG_WARN_DEPRECATED_OBJC_IMPLEMENTATIONS = YES;
				CLANG_WARN_DIRECT_OBJC_ISA_USAGE = YES_ERROR;
				CLANG_WARN_DOCUMENTATION_COMMENTS = YES;
				CLANG_WARN_EMPTY_BODY = YES;
				CLANG_WARN_ENUM_CONVERSION = YES;
				CLANG_WARN_INFINITE_RECURSION = YES;
				CLANG_WARN_INT_CONVERSION = YES;
				CLANG_WARN_NON_LITERAL_NULL_CONVERSION = YES;
				CLANG_WARN_OBJC_IMPLICIT_RETAIN_SELF = YES;
				CLANG_WARN_OBJC_LITERAL_CONVERSION = YES;
				CLANG_WARN_OBJC_ROOT_CLASS = YES_ERROR;
				CLANG_WARN_RANGE_LOOP_ANALYSIS = YES;
				CLANG_WARN_STRICT_PROTOTYPES = YES;
				CLANG_WARN_SUSPICIOUS_MOVE = YES;
				CLANG_WARN_UNGUARDED_AVAILABILITY = YES_AGGRESSIVE;
				CLANG_WARN_UNREACHABLE_CODE = YES;
				CLANG_WARN__DUPLICATE_METHOD_MATCH = YES;
				COPY_PHASE_STRIP = NO;
				DEBUG_INFORMATION_FORMAT = "dwarf-with-dsym";
				ENABLE_NS_ASSERTIONS = NO;
				ENABLE_STRICT_OBJC_MSGSEND = YES;
				GCC_C_LANGUAGE_STANDARD = gnu11;
				GCC_NO_COMMON_BLOCKS = YES;
				GCC_WARN_64_TO_32_BIT_CONVERSION = YES;
				GCC_WARN_ABOUT_RETURN_TYPE = YES_ERROR;
				GCC_WARN_UNDECLARED_SELECTOR = YES;
				GCC_WARN_UNINITIALIZED_AUTOS = YES_AGGRESSIVE;
				GCC_WARN_UNUSED_FUNCTION = YES;
				GCC_WARN_UNUSED_VARIABLE = YES;
				IPHONEOS_DEPLOYMENT_TARGET = 13.0;
				MTL_ENABLE_DEBUG_INFO = NO;
				MTL_FAST_MATH = YES;
				SDKROOT = iphoneos;
				SWIFT_COMPILATION_MODE = wholemodule;
				SWIFT_OPTIMIZATION_LEVEL = "-O";
				VALIDATE_PRODUCT = YES;
			};
			name = Release;
		};
		D807E984237DB799004198D7 /* Debug */ = {
			isa = XCBuildConfiguration;
			baseConfigurationReference = AD119EF69B28CDA991C5DCB7 /* Pods-NCMBMemo.debug.xcconfig */;
			buildSettings = {
				ASSETCATALOG_COMPILER_APPICON_NAME = AppIcon;
				CODE_SIGN_STYLE = Automatic;
				CURRENT_PROJECT_VERSION = 2;
				DEVELOPMENT_TEAM = 939YVKTKUP;
				INFOPLIST_FILE = NCMBMemo/Info.plist;
				IPHONEOS_DEPLOYMENT_TARGET = 13.2;
				LD_RUNPATH_SEARCH_PATHS = (
					"$(inherited)",
					"@executable_path/Frameworks",
				);
				MARKETING_VERSION = 1.4;
				PRODUCT_BUNDLE_IDENTIFIER = jp.co.ylab.Taglog;
				PRODUCT_NAME = Taglog;
				SWIFT_VERSION = 5.0;
				TARGETED_DEVICE_FAMILY = 1;
			};
			name = Debug;
		};
		D807E985237DB799004198D7 /* Release */ = {
			isa = XCBuildConfiguration;
			baseConfigurationReference = 9B1C88E882EEF2B2C76F1238 /* Pods-NCMBMemo.release.xcconfig */;
			buildSettings = {
				ASSETCATALOG_COMPILER_APPICON_NAME = AppIcon;
				CODE_SIGN_STYLE = Automatic;
				CURRENT_PROJECT_VERSION = 2;
				DEVELOPMENT_TEAM = 939YVKTKUP;
				INFOPLIST_FILE = NCMBMemo/Info.plist;
				IPHONEOS_DEPLOYMENT_TARGET = 13.2;
				LD_RUNPATH_SEARCH_PATHS = (
					"$(inherited)",
					"@executable_path/Frameworks",
				);
				MARKETING_VERSION = 1.4;
				PRODUCT_BUNDLE_IDENTIFIER = jp.co.ylab.Taglog;
				PRODUCT_NAME = Taglog;
				SWIFT_VERSION = 5.0;
				TARGETED_DEVICE_FAMILY = 1;
			};
			name = Release;
		};
/* End XCBuildConfiguration section */

/* Begin XCConfigurationList section */
		D807E96A237DB795004198D7 /* Build configuration list for PBXProject "NCMBMemo" */ = {
			isa = XCConfigurationList;
			buildConfigurations = (
				D807E981237DB799004198D7 /* Debug */,
				D807E982237DB799004198D7 /* Release */,
			);
			defaultConfigurationIsVisible = 0;
			defaultConfigurationName = Release;
		};
		D807E983237DB799004198D7 /* Build configuration list for PBXNativeTarget "NCMBMemo" */ = {
			isa = XCConfigurationList;
			buildConfigurations = (
				D807E984237DB799004198D7 /* Debug */,
				D807E985237DB799004198D7 /* Release */,
			);
			defaultConfigurationIsVisible = 0;
			defaultConfigurationName = Release;
		};
/* End XCConfigurationList section */
	};
	rootObject = D807E967237DB795004198D7 /* Project object */;
}
